
Microsoft Visual Studio Solution File, Format Version 12.00
# Visual Studio Version 16
VisualStudioVersion = 16.0.33529.622
MinimumVisualStudioVersion = 10.0.40219.1
Project("{FAE04EC0-301F-11D3-BF4B-00C04F79EFBC}") = "WooCommerce_helper", "WooCommerce_helper\WooCommerce_helper.csproj", "{9A5DA7FA-6054-46A5-8909-6557F83D7744}"
EndProject
Project("{FAE04EC0-301F-11D3-BF4B-00C04F79EFBC}") = "ConsoleApp2", "ConsoleApp2\ConsoleApp2.csproj", "{AEBD8FE4-DCE6-4B98-AD1E-BDE902364DAD}"
EndProject
Global
	GlobalSection(SolutionConfigurationPlatforms) = preSolution
		Debug|Any CPU = Debug|Any CPU
		Release|Any CPU = Release|Any CPU
	EndGlobalSection
	GlobalSection(ProjectConfigurationPlatforms) = postSolution
		{9A5DA7FA-6054-46A5-8909-6557F83D7744}.Debug|Any CPU.ActiveCfg = Debug|Any CPU
		{9A5DA7FA-6054-46A5-8909-6557F83D7744}.Debug|Any CPU.Build.0 = Debug|Any CPU
		{9A5DA7FA-6054-46A5-8909-6557F83D7744}.Release|Any CPU.ActiveCfg = Release|Any CPU
		{9A5DA7FA-6054-46A5-8909-6557F83D7744}.Release|Any CPU.Build.0 = Release|Any CPU
		{AEBD8FE4-DCE6-4B98-AD1E-BDE902364DAD}.Debug|Any CPU.ActiveCfg = Debug|Any CPU
		{AEBD8FE4-DCE6-4B98-AD1E-BDE902364DAD}.Debug|Any CPU.Build.0 = Debug|Any CPU
		{AEBD8FE4-DCE6-4B98-AD1E-BDE902364DAD}.Release|Any CPU.ActiveCfg = Release|Any CPU
		{AEBD8FE4-DCE6-4B98-AD1E-BDE902364DAD}.Release|Any CPU.Build.0 = Release|Any CPU
	EndGlobalSection
	GlobalSection(SolutionProperties) = preSolution
		HideSolutionNode = FALSE
	EndGlobalSection
	GlobalSection(ExtensibilityGlobals) = postSolution
		SolutionGuid = {1C277899-B643-4ABF-9558-45B69BD41330}
	EndGlobalSection
EndGlobal
